
Microsoft Visual Studio Solution File, Format Version 12.00
# Visual Studio Version 17
VisualStudioVersion = 17.12.35527.113
MinimumVisualStudioVersion = 10.0.40219.1
Project("{2150E333-8FDC-42A3-9474-1A3956D46DE8}") = "Services", "Services", "{C65559CF-7D49-4F32-8D2A-C3CB46F25902}"
EndProject
Project("{2150E333-8FDC-42A3-9474-1A3956D46DE8}") = "Catalog", "Catalog", "{7728B897-01D9-4403-8145-F79126256FA3}"
EndProject
Project("{FAE04EC0-301F-11D3-BF4B-00C04F79EFBC}") = "Catalog.API", "Services\Catalog\Catalog.API\Catalog.API.csproj", "{75260488-D152-4F2E-B7F1-A1333A1C2748}"
EndProject
Project("{2150E333-8FDC-42A3-9474-1A3956D46DE8}") = "BuildingBlocks", "BuildingBlocks", "{DD9C4194-02BD-4226-85AA-F695855064EF}"
EndProject
Project("{FAE04EC0-301F-11D3-BF4B-00C04F79EFBC}") = "BuildingBlocks", "BuildingBlocks\BuildingBlocks\BuildingBlocks.csproj", "{DD7A42E5-363D-4C08-B57D-A5B4EC34C2C9}"
EndProject
Project("{2150E333-8FDC-42A3-9474-1A3956D46DE8}") = "Solution Items", "Solution Items", "{932E5E29-AA39-4AC8-9562-5A251324DBE4}"
	ProjectSection(SolutionItems) = preProject
		compose.yaml = compose.yaml
	EndProjectSection
EndProject
Project("{2150E333-8FDC-42A3-9474-1A3956D46DE8}") = "Basket", "Basket", "{5D16D1D8-0702-437C-A860-6ED446DE084E}"
EndProject
Project("{FAE04EC0-301F-11D3-BF4B-00C04F79EFBC}") = "Basket.API", "Services\Basket\Basket.API\Basket.API.csproj", "{35252612-E13D-4843-8D90-6B8187374B84}"
EndProject
Project("{2150E333-8FDC-42A3-9474-1A3956D46DE8}") = "Discount", "Discount", "{F8D66879-3E66-4805-A81B-A07589F656F5}"
EndProject
Project("{FAE04EC0-301F-11D3-BF4B-00C04F79EFBC}") = "Discount.Grpc", "Services\Discount\Discount.Grpc\Discount.Grpc.csproj", "{DC223A84-8313-40CA-B6B0-3AE9A6316A9F}"
EndProject
Project("{2150E333-8FDC-42A3-9474-1A3956D46DE8}") = "Ordering", "Ordering", "{7120EA9B-9649-48E4-ACB7-BCCC004FB3F9}"
EndProject
Project("{FAE04EC0-301F-11D3-BF4B-00C04F79EFBC}") = "Ordering.API", "Services\Ordering\Ordering.API\Ordering.API.csproj", "{A61EA9DA-C6E4-442E-B961-6ECD0EC45793}"
EndProject
Project("{FAE04EC0-301F-11D3-BF4B-00C04F79EFBC}") = "Ordering.Domain", "Services\Ordering\Ordering.Domain\Ordering.Domain.csproj", "{CFBB64E2-E170-4B95-8710-4F814B509B39}"
EndProject
Project("{FAE04EC0-301F-11D3-BF4B-00C04F79EFBC}") = "Ordering.Application", "Services\Ordering\Ordering.Application\Ordering.Application.csproj", "{BE91E5CE-4DDC-4466-8A09-9FF3450DD20A}"
EndProject
Project("{FAE04EC0-301F-11D3-BF4B-00C04F79EFBC}") = "Ordering.Infrastructure", "Services\Ordering\Ordering.Infrastructure\Ordering.Infrastructure.csproj", "{448B0BAD-7892-4B32-BE4A-855EC67AA163}"
EndProject
Project("{FAE04EC0-301F-11D3-BF4B-00C04F79EFBC}") = "BuildingBlocks.Messaging", "BuildingBlocks\BuildingBlocks.Messaging\BuildingBlocks.Messaging.csproj", "{3713DD39-A43E-49CE-93A6-0C8F264E2FCC}"
EndProject
Project("{2150E333-8FDC-42A3-9474-1A3956D46DE8}") = "ApiGateways", "ApiGateways", "{1F92D8F2-9513-412A-8ED3-D0912A11694A}"
EndProject
Project("{FAE04EC0-301F-11D3-BF4B-00C04F79EFBC}") = "YarpApiGateway", "ApiGateways\YarpApiGateway\YarpApiGateway.csproj", "{EB817DF5-299C-41D6-B0D9-ACCD1F01D039}"
EndProject
Project("{2150E333-8FDC-42A3-9474-1A3956D46DE8}") = "WebApps", "WebApps", "{2D1392BC-378D-43AA-894D-3C70D5544DCD}"
EndProject
Project("{FAE04EC0-301F-11D3-BF4B-00C04F79EFBC}") = "Shopping.Web", "WebApps\Shopping.Web\Shopping.Web.csproj", "{F8150DC8-75E7-4C06-8194-290D2CD702EE}"
EndProject
Global
	GlobalSection(SolutionConfigurationPlatforms) = preSolution
		Debug|Any CPU = Debug|Any CPU
		Release|Any CPU = Release|Any CPU
	EndGlobalSection
	GlobalSection(ProjectConfigurationPlatforms) = postSolution
		{75260488-D152-4F2E-B7F1-A1333A1C2748}.Debug|Any CPU.ActiveCfg = Debug|Any CPU
		{75260488-D152-4F2E-B7F1-A1333A1C2748}.Debug|Any CPU.Build.0 = Debug|Any CPU
		{75260488-D152-4F2E-B7F1-A1333A1C2748}.Release|Any CPU.ActiveCfg = Release|Any CPU
		{75260488-D152-4F2E-B7F1-A1333A1C2748}.Release|Any CPU.Build.0 = Release|Any CPU
		{DD7A42E5-363D-4C08-B57D-A5B4EC34C2C9}.Debug|Any CPU.ActiveCfg = Debug|Any CPU
		{DD7A42E5-363D-4C08-B57D-A5B4EC34C2C9}.Debug|Any CPU.Build.0 = Debug|Any CPU
		{DD7A42E5-363D-4C08-B57D-A5B4EC34C2C9}.Release|Any CPU.ActiveCfg = Release|Any CPU
		{DD7A42E5-363D-4C08-B57D-A5B4EC34C2C9}.Release|Any CPU.Build.0 = Release|Any CPU
		{35252612-E13D-4843-8D90-6B8187374B84}.Debug|Any CPU.ActiveCfg = Debug|Any CPU
		{35252612-E13D-4843-8D90-6B8187374B84}.Debug|Any CPU.Build.0 = Debug|Any CPU
		{35252612-E13D-4843-8D90-6B8187374B84}.Release|Any CPU.ActiveCfg = Release|Any CPU
		{35252612-E13D-4843-8D90-6B8187374B84}.Release|Any CPU.Build.0 = Release|Any CPU
		{DC223A84-8313-40CA-B6B0-3AE9A6316A9F}.Debug|Any CPU.ActiveCfg = Debug|Any CPU
		{DC223A84-8313-40CA-B6B0-3AE9A6316A9F}.Debug|Any CPU.Build.0 = Debug|Any CPU
		{DC223A84-8313-40CA-B6B0-3AE9A6316A9F}.Release|Any CPU.ActiveCfg = Release|Any CPU
		{DC223A84-8313-40CA-B6B0-3AE9A6316A9F}.Release|Any CPU.Build.0 = Release|Any CPU
		{A61EA9DA-C6E4-442E-B961-6ECD0EC45793}.Debug|Any CPU.ActiveCfg = Debug|Any CPU
		{A61EA9DA-C6E4-442E-B961-6ECD0EC45793}.Debug|Any CPU.Build.0 = Debug|Any CPU
		{A61EA9DA-C6E4-442E-B961-6ECD0EC45793}.Release|Any CPU.ActiveCfg = Release|Any CPU
		{A61EA9DA-C6E4-442E-B961-6ECD0EC45793}.Release|Any CPU.Build.0 = Release|Any CPU
		{CFBB64E2-E170-4B95-8710-4F814B509B39}.Debug|Any CPU.ActiveCfg = Debug|Any CPU
		{CFBB64E2-E170-4B95-8710-4F814B509B39}.Debug|Any CPU.Build.0 = Debug|Any CPU
		{CFBB64E2-E170-4B95-8710-4F814B509B39}.Release|Any CPU.ActiveCfg = Release|Any CPU
		{CFBB64E2-E170-4B95-8710-4F814B509B39}.Release|Any CPU.Build.0 = Release|Any CPU
		{BE91E5CE-4DDC-4466-8A09-9FF3450DD20A}.Debug|Any CPU.ActiveCfg = Debug|Any CPU
		{BE91E5CE-4DDC-4466-8A09-9FF3450DD20A}.Debug|Any CPU.Build.0 = Debug|Any CPU
		{BE91E5CE-4DDC-4466-8A09-9FF3450DD20A}.Release|Any CPU.ActiveCfg = Release|Any CPU
		{BE91E5CE-4DDC-4466-8A09-9FF3450DD20A}.Release|Any CPU.Build.0 = Release|Any CPU
		{448B0BAD-7892-4B32-BE4A-855EC67AA163}.Debug|Any CPU.ActiveCfg = Debug|Any CPU
		{448B0BAD-7892-4B32-BE4A-855EC67AA163}.Debug|Any CPU.Build.0 = Debug|Any CPU
		{448B0BAD-7892-4B32-BE4A-855EC67AA163}.Release|Any CPU.ActiveCfg = Release|Any CPU
		{448B0BAD-7892-4B32-BE4A-855EC67AA163}.Release|Any CPU.Build.0 = Release|Any CPU
		{3713DD39-A43E-49CE-93A6-0C8F264E2FCC}.Debug|Any CPU.ActiveCfg = Debug|Any CPU
		{3713DD39-A43E-49CE-93A6-0C8F264E2FCC}.Debug|Any CPU.Build.0 = Debug|Any CPU
		{3713DD39-A43E-49CE-93A6-0C8F264E2FCC}.Release|Any CPU.ActiveCfg = Release|Any CPU
		{3713DD39-A43E-49CE-93A6-0C8F264E2FCC}.Release|Any CPU.Build.0 = Release|Any CPU
		{EB817DF5-299C-41D6-B0D9-ACCD1F01D039}.Debug|Any CPU.ActiveCfg = Debug|Any CPU
		{EB817DF5-299C-41D6-B0D9-ACCD1F01D039}.Debug|Any CPU.Build.0 = Debug|Any CPU
		{EB817DF5-299C-41D6-B0D9-ACCD1F01D039}.Release|Any CPU.ActiveCfg = Release|Any CPU
		{EB817DF5-299C-41D6-B0D9-ACCD1F01D039}.Release|Any CPU.Build.0 = Release|Any CPU
		{F8150DC8-75E7-4C06-8194-290D2CD702EE}.Debug|Any CPU.ActiveCfg = Debug|Any CPU
		{F8150DC8-75E7-4C06-8194-290D2CD702EE}.Debug|Any CPU.Build.0 = Debug|Any CPU
		{F8150DC8-75E7-4C06-8194-290D2CD702EE}.Release|Any CPU.ActiveCfg = Release|Any CPU
		{F8150DC8-75E7-4C06-8194-290D2CD702EE}.Release|Any CPU.Build.0 = Release|Any CPU
	EndGlobalSection
	GlobalSection(SolutionProperties) = preSolution
		HideSolutionNode = FALSE
	EndGlobalSection
	GlobalSection(NestedProjects) = preSolution
		{7728B897-01D9-4403-8145-F79126256FA3} = {C65559CF-7D49-4F32-8D2A-C3CB46F25902}
		{75260488-D152-4F2E-B7F1-A1333A1C2748} = {7728B897-01D9-4403-8145-F79126256FA3}
		{DD7A42E5-363D-4C08-B57D-A5B4EC34C2C9} = {DD9C4194-02BD-4226-85AA-F695855064EF}
		{5D16D1D8-0702-437C-A860-6ED446DE084E} = {C65559CF-7D49-4F32-8D2A-C3CB46F25902}
		{35252612-E13D-4843-8D90-6B8187374B84} = {5D16D1D8-0702-437C-A860-6ED446DE084E}
		{F8D66879-3E66-4805-A81B-A07589F656F5} = {C65559CF-7D49-4F32-8D2A-C3CB46F25902}
		{DC223A84-8313-40CA-B6B0-3AE9A6316A9F} = {F8D66879-3E66-4805-A81B-A07589F656F5}
		{7120EA9B-9649-48E4-ACB7-BCCC004FB3F9} = {C65559CF-7D49-4F32-8D2A-C3CB46F25902}
		{A61EA9DA-C6E4-442E-B961-6ECD0EC45793} = {7120EA9B-9649-48E4-ACB7-BCCC004FB3F9}
		{CFBB64E2-E170-4B95-8710-4F814B509B39} = {7120EA9B-9649-48E4-ACB7-BCCC004FB3F9}
		{BE91E5CE-4DDC-4466-8A09-9FF3450DD20A} = {7120EA9B-9649-48E4-ACB7-BCCC004FB3F9}
		{448B0BAD-7892-4B32-BE4A-855EC67AA163} = {7120EA9B-9649-48E4-ACB7-BCCC004FB3F9}
		{3713DD39-A43E-49CE-93A6-0C8F264E2FCC} = {DD9C4194-02BD-4226-85AA-F695855064EF}
		{EB817DF5-299C-41D6-B0D9-ACCD1F01D039} = {1F92D8F2-9513-412A-8ED3-D0912A11694A}
		{F8150DC8-75E7-4C06-8194-290D2CD702EE} = {2D1392BC-378D-43AA-894D-3C70D5544DCD}
	EndGlobalSection
EndGlobal
